dependencies:
- name: zynax-api-gateway
  repository: file://../zynax-api-gateway
  version: 0.1.0
- name: zynax-workflow-compiler
  repository: file://../zynax-workflow-compiler
  version: 0.1.0
- name: zynax-engine-adapter
  repository: file://../zynax-engine-adapter
  version: 0.1.0
- name: zynax-task-broker
  repository: file://../zynax-task-broker
  version: 0.1.0
- name: zynax-agent-registry
  repository: file://../zynax-agent-registry
  version: 0.4.0
- name: zynax-memory-service
  repository: file://../zynax-memory-service
  version: 0.1.1
- name: zynax-nats
  repository: file://../charts/nats
  version: 0.1.0
- name: zynax-postgres
  repository: file://../charts/postgres
  version: 0.3.0
- name: zynax-temporal
  repository: file://../charts/temporal
  version: 0.1.1
- name: zynax-cert-manager
  repository: file://../charts/cert-manager
  version: 0.1.0
- name: zynax-uptrace
  repository: file://../charts/uptrace
  version: 0.1.0
digest: sha256:cc028cc85fc2ec8d9f9aafd71f92d188e617bb5036ab5f5990b3964c37f97b2b
generated: "2026-07-10T12:25:49.545779751+02:00"
