dependencies:
- name: zynax-api-gateway
  repository: file://../zynax-api-gateway
  version: 0.1.0
- name: zynax-workflow-compiler
  repository: file://../zynax-workflow-compiler
  version: 0.1.0
- name: zynax-engine-adapter
  repository: file://../zynax-engine-adapter
  version: 0.1.0
- name: zynax-task-broker
  repository: file://../zynax-task-broker
  version: 0.1.0
- name: zynax-agent-registry
  repository: file://../zynax-agent-registry
  version: 0.3.0
- name: zynax-event-bus
  repository: file://../zynax-event-bus
  version: 0.1.0
- name: zynax-memory-service
  repository: file://../zynax-memory-service
  version: 0.1.1
- name: zynax-nats
  repository: file://../charts/nats
  version: 0.1.0
- name: zynax-postgres
  repository: file://../charts/postgres
  version: 0.3.0
- name: zynax-temporal
  repository: file://../charts/temporal
  version: 0.1.1
- name: zynax-cert-manager
  repository: file://../charts/cert-manager
  version: 0.1.0
- name: zynax-uptrace
  repository: file://../charts/uptrace
  version: 0.1.0
digest: sha256:f2b8031ed73d11aae235cfe041380bf35d11d9b7ec62eee0b0082581659c2fdb
generated: "2026-07-03T17:27:34.245005042+02:00"
